
Microsoft Visual Studio Solution File, Format Version 12.00
# Visual Studio Version 17
VisualStudioVersion = 17.8.34511.84
MinimumVisualStudioVersion = 10.0.40219.1
Project("{FAE04EC0-301F-11D3-BF4B-00C04F79EFBC}") = "Demo", "Demo\Demo.csproj", "{1EE8B9A2-B64B-45D6-B794-A1F21AB46F09}"
EndProject
Project("{FAE04EC0-301F-11D3-BF4B-00C04F79EFBC}") = "Domain", "Domain\Domain.csproj", "{10BA1CDD-63D2-42F3-89C4-6EB79B9ED9D0}"
EndProject
Project("{FAE04EC0-301F-11D3-BF4B-00C04F79EFBC}") = "DomainTest", "DomainTest\DomainTest.csproj", "{BE1F33D1-2A22-4634-814B-DE50A793321B}"
EndProject
Global
	GlobalSection(SolutionConfigurationPlatforms) = preSolution
		Debug|Any CPU = Debug|Any CPU
		Release|Any CPU = Release|Any CPU
	EndGlobalSection
	GlobalSection(ProjectConfigurationPlatforms) = postSolution
		{1EE8B9A2-B64B-45D6-B794-A1F21AB46F09}.Debug|Any CPU.ActiveCfg = Debug|Any CPU
		{1EE8B9A2-B64B-45D6-B794-A1F21AB46F09}.Debug|Any CPU.Build.0 = Debug|Any CPU
		{1EE8B9A2-B64B-45D6-B794-A1F21AB46F09}.Release|Any CPU.ActiveCfg = Release|Any CPU
		{1EE8B9A2-B64B-45D6-B794-A1F21AB46F09}.Release|Any CPU.Build.0 = Release|Any CPU
		{10BA1CDD-63D2-42F3-89C4-6EB79B9ED9D0}.Debug|Any CPU.ActiveCfg = Debug|Any CPU
		{10BA1CDD-63D2-42F3-89C4-6EB79B9ED9D0}.Debug|Any CPU.Build.0 = Debug|Any CPU
		{10BA1CDD-63D2-42F3-89C4-6EB79B9ED9D0}.Release|Any CPU.ActiveCfg = Release|Any CPU
		{10BA1CDD-63D2-42F3-89C4-6EB79B9ED9D0}.Release|Any CPU.Build.0 = Release|Any CPU
		{BE1F33D1-2A22-4634-814B-DE50A793321B}.Debug|Any CPU.ActiveCfg = Debug|Any CPU
		{BE1F33D1-2A22-4634-814B-DE50A793321B}.Debug|Any CPU.Build.0 = Debug|Any CPU
		{BE1F33D1-2A22-4634-814B-DE50A793321B}.Release|Any CPU.ActiveCfg = Release|Any CPU
		{BE1F33D1-2A22-4634-814B-DE50A793321B}.Release|Any CPU.Build.0 = Release|Any CPU
	EndGlobalSection
	GlobalSection(SolutionProperties) = preSolution
		HideSolutionNode = FALSE
	EndGlobalSection
	GlobalSection(ExtensibilityGlobals) = postSolution
		SolutionGuid = {8D525FC8-AB30-486A-9121-2A8D6F0F2DF9}
	EndGlobalSection
EndGlobal
